
Microsoft Visual Studio Solution File, Format Version 12.00
# Visual Studio 14
VisualStudioVersion = 14.0.25420.1
MinimumVisualStudioVersion = 10.0.40219.1
Project("{FAE04EC0-301F-11D3-BF4B-00C04F79EFBC}") = "VAT-Hub", "VAT-Hub\VAT-Hub.csproj", "{A302D2F7-A6DE-4F12-A744-6279ACBB133A}"
EndProject
Project("{FAE04EC0-301F-11D3-BF4B-00C04F79EFBC}") = "ERPClient", "ERPClient\ERPClient.csproj", "{505BCC21-6A85-4A14-81A5-6A7B2ACD19EB}"
EndProject
Global
	GlobalSection(SolutionConfigurationPlatforms) = preSolution
		Debug|Any CPU = Debug|Any CPU
		Release|Any CPU = Release|Any CPU
	EndGlobalSection
	GlobalSection(ProjectConfigurationPlatforms) = postSolution
		{A302D2F7-A6DE-4F12-A744-6279ACBB133A}.Debug|Any CPU.ActiveCfg = Debug|Any CPU
		{A302D2F7-A6DE-4F12-A744-6279ACBB133A}.Debug|Any CPU.Build.0 = Debug|Any CPU
		{A302D2F7-A6DE-4F12-A744-6279ACBB133A}.Release|Any CPU.ActiveCfg = Release|Any CPU
		{A302D2F7-A6DE-4F12-A744-6279ACBB133A}.Release|Any CPU.Build.0 = Release|Any CPU
		{505BCC21-6A85-4A14-81A5-6A7B2ACD19EB}.Debug|Any CPU.ActiveCfg = Debug|Any CPU
		{505BCC21-6A85-4A14-81A5-6A7B2ACD19EB}.Debug|Any CPU.Build.0 = Debug|Any CPU
		{505BCC21-6A85-4A14-81A5-6A7B2ACD19EB}.Release|Any CPU.ActiveCfg = Release|Any CPU
		{505BCC21-6A85-4A14-81A5-6A7B2ACD19EB}.Release|Any CPU.Build.0 = Release|Any CPU
	EndGlobalSection
	GlobalSection(SolutionProperties) = preSolution
		HideSolutionNode = FALSE
	EndGlobalSection
EndGlobal
